
Microsoft Visual Studio Solution File, Format Version 12.00
# Visual Studio Version 16
VisualStudioVersion = 16.0.30011.22
MinimumVisualStudioVersion = 10.0.40219.1
Project("{9A19103F-16F7-4668-BE54-9A1E7A4F7556}") = "EntidadesBancarias.Datos", "EntidadesBancarias.Datos\EntidadesBancarias.Datos.csproj", "{ADFD11C7-B6D8-4AF5-8197-0430E9818400}"
EndProject
Project("{9A19103F-16F7-4668-BE54-9A1E7A4F7556}") = "EntidadesBancarias.Entidades", "EntidadesBancarias.Entidades\EntidadesBancarias.Entidades.csproj", "{37A5C786-C0EC-4888-9896-BD27C2DFA59C}"
EndProject
Project("{9A19103F-16F7-4668-BE54-9A1E7A4F7556}") = "EntidadesBancarias.Tests", "EntidadesBancarias.Tests\EntidadesBancarias.Tests.csproj", "{E593ECAD-45D9-4D0F-8B0D-658ADA005EA8}"
EndProject
Project("{9A19103F-16F7-4668-BE54-9A1E7A4F7556}") = "EntidadesBancarias.Web", "EntidadesBancarias.Web\EntidadesBancarias.Web.csproj", "{2A8C1B08-460B-4776-8C9C-742C138B7777}"
EndProject
Global
	GlobalSection(SolutionConfigurationPlatforms) = preSolution
		Debug|Any CPU = Debug|Any CPU
		Release|Any CPU = Release|Any CPU
	EndGlobalSection
	GlobalSection(ProjectConfigurationPlatforms) = postSolution
		{ADFD11C7-B6D8-4AF5-8197-0430E9818400}.Debug|Any CPU.ActiveCfg = Debug|Any CPU
		{ADFD11C7-B6D8-4AF5-8197-0430E9818400}.Debug|Any CPU.Build.0 = Debug|Any CPU
		{ADFD11C7-B6D8-4AF5-8197-0430E9818400}.Release|Any CPU.ActiveCfg = Release|Any CPU
		{ADFD11C7-B6D8-4AF5-8197-0430E9818400}.Release|Any CPU.Build.0 = Release|Any CPU
		{37A5C786-C0EC-4888-9896-BD27C2DFA59C}.Debug|Any CPU.ActiveCfg = Debug|Any CPU
		{37A5C786-C0EC-4888-9896-BD27C2DFA59C}.Debug|Any CPU.Build.0 = Debug|Any CPU
		{37A5C786-C0EC-4888-9896-BD27C2DFA59C}.Release|Any CPU.ActiveCfg = Release|Any CPU
		{37A5C786-C0EC-4888-9896-BD27C2DFA59C}.Release|Any CPU.Build.0 = Release|Any CPU
		{E593ECAD-45D9-4D0F-8B0D-658ADA005EA8}.Debug|Any CPU.ActiveCfg = Debug|Any CPU
		{E593ECAD-45D9-4D0F-8B0D-658ADA005EA8}.Debug|Any CPU.Build.0 = Debug|Any CPU
		{E593ECAD-45D9-4D0F-8B0D-658ADA005EA8}.Release|Any CPU.ActiveCfg = Release|Any CPU
		{E593ECAD-45D9-4D0F-8B0D-658ADA005EA8}.Release|Any CPU.Build.0 = Release|Any CPU
		{2A8C1B08-460B-4776-8C9C-742C138B7777}.Debug|Any CPU.ActiveCfg = Debug|Any CPU
		{2A8C1B08-460B-4776-8C9C-742C138B7777}.Debug|Any CPU.Build.0 = Debug|Any CPU
		{2A8C1B08-460B-4776-8C9C-742C138B7777}.Release|Any CPU.ActiveCfg = Release|Any CPU
		{2A8C1B08-460B-4776-8C9C-742C138B7777}.Release|Any CPU.Build.0 = Release|Any CPU
	EndGlobalSection
	GlobalSection(SolutionProperties) = preSolution
		HideSolutionNode = FALSE
	EndGlobalSection
	GlobalSection(ExtensibilityGlobals) = postSolution
		SolutionGuid = {DD158C33-23F1-47CF-B1EE-9C3D3219F147}
	EndGlobalSection
EndGlobal
